
Microsoft Visual Studio Solution File, Format Version 12.00
Project("{FAE04EC0-301F-11D3-BF4B-00C04F79EFBC}") = "chart2csv.Console", "chart2csv.Console\chart2csv.Console.csproj", "{6B223432-91DC-4989-BF87-9D3E91D21411}"
EndProject
Project("{FAE04EC0-301F-11D3-BF4B-00C04F79EFBC}") = "chart2csv.Parser", "chart2csv.Parser\chart2csv.Parser.csproj", "{16C3E829-A5B8-45DE-ADF9-CFD30CFF0E27}"
EndProject
Project("{FAE04EC0-301F-11D3-BF4B-00C04F79EFBC}") = "chart2csv.Executor", "chart2csv.Executor\chart2csv.Executor.csproj", "{FBEAD430-4082-4C19-A8D1-7519833F8983}"
EndProject
Project("{FAE04EC0-301F-11D3-BF4B-00C04F79EFBC}") = "chart2csv.Test", "chart2csv.Test\chart2csv.Test.csproj", "{DF790B7D-898C-4294-B077-28D21033727D}"
EndProject
Project("{FAE04EC0-301F-11D3-BF4B-00C04F79EFBC}") = "chart2csv.Utils", "chart2csv.Utils\chart2csv.Utils.csproj", "{E7895193-4CB2-418F-B84F-1C7ECD0AB28E}"
EndProject
Project("{FAE04EC0-301F-11D3-BF4B-00C04F79EFBC}") = "chart2csv.Benchmarks", "chart2csv.Benchmarks\chart2csv.Benchmarks.csproj", "{71E2C17C-8676-4AE7-9FB0-C496FBAA6E3F}"
EndProject
Project("{FAE04EC0-301F-11D3-BF4B-00C04F79EFBC}") = "chart2csv.TestData", "chart2csv.TestData\chart2csv.TestData.csproj", "{738D1D16-3C36-44F3-A5BD-C27C10515373}"
EndProject
Global
	GlobalSection(SolutionConfigurationPlatforms) = preSolution
		Debug|Any CPU = Debug|Any CPU
		Release|Any CPU = Release|Any CPU
	EndGlobalSection
	GlobalSection(ProjectConfigurationPlatforms) = postSolution
		{6B223432-91DC-4989-BF87-9D3E91D21411}.Debug|Any CPU.ActiveCfg = Debug|Any CPU
		{6B223432-91DC-4989-BF87-9D3E91D21411}.Debug|Any CPU.Build.0 = Debug|Any CPU
		{6B223432-91DC-4989-BF87-9D3E91D21411}.Release|Any CPU.ActiveCfg = Release|Any CPU
		{6B223432-91DC-4989-BF87-9D3E91D21411}.Release|Any CPU.Build.0 = Release|Any CPU
		{16C3E829-A5B8-45DE-ADF9-CFD30CFF0E27}.Debug|Any CPU.ActiveCfg = Debug|Any CPU
		{16C3E829-A5B8-45DE-ADF9-CFD30CFF0E27}.Debug|Any CPU.Build.0 = Debug|Any CPU
		{16C3E829-A5B8-45DE-ADF9-CFD30CFF0E27}.Release|Any CPU.ActiveCfg = Release|Any CPU
		{16C3E829-A5B8-45DE-ADF9-CFD30CFF0E27}.Release|Any CPU.Build.0 = Release|Any CPU
		{FBEAD430-4082-4C19-A8D1-7519833F8983}.Debug|Any CPU.ActiveCfg = Debug|Any CPU
		{FBEAD430-4082-4C19-A8D1-7519833F8983}.Debug|Any CPU.Build.0 = Debug|Any CPU
		{FBEAD430-4082-4C19-A8D1-7519833F8983}.Release|Any CPU.ActiveCfg = Release|Any CPU
		{FBEAD430-4082-4C19-A8D1-7519833F8983}.Release|Any CPU.Build.0 = Release|Any CPU
		{DF790B7D-898C-4294-B077-28D21033727D}.Debug|Any CPU.ActiveCfg = Debug|Any CPU
		{DF790B7D-898C-4294-B077-28D21033727D}.Debug|Any CPU.Build.0 = Debug|Any CPU
		{DF790B7D-898C-4294-B077-28D21033727D}.Release|Any CPU.ActiveCfg = Release|Any CPU
		{DF790B7D-898C-4294-B077-28D21033727D}.Release|Any CPU.Build.0 = Release|Any CPU
		{E7895193-4CB2-418F-B84F-1C7ECD0AB28E}.Debug|Any CPU.ActiveCfg = Debug|Any CPU
		{E7895193-4CB2-418F-B84F-1C7ECD0AB28E}.Debug|Any CPU.Build.0 = Debug|Any CPU
		{E7895193-4CB2-418F-B84F-1C7ECD0AB28E}.Release|Any CPU.ActiveCfg = Release|Any CPU
		{E7895193-4CB2-418F-B84F-1C7ECD0AB28E}.Release|Any CPU.Build.0 = Release|Any CPU
		{71E2C17C-8676-4AE7-9FB0-C496FBAA6E3F}.Debug|Any CPU.ActiveCfg = Debug|Any CPU
		{71E2C17C-8676-4AE7-9FB0-C496FBAA6E3F}.Debug|Any CPU.Build.0 = Debug|Any CPU
		{71E2C17C-8676-4AE7-9FB0-C496FBAA6E3F}.Release|Any CPU.ActiveCfg = Release|Any CPU
		{71E2C17C-8676-4AE7-9FB0-C496FBAA6E3F}.Release|Any CPU.Build.0 = Release|Any CPU
		{738D1D16-3C36-44F3-A5BD-C27C10515373}.Debug|Any CPU.ActiveCfg = Debug|Any CPU
		{738D1D16-3C36-44F3-A5BD-C27C10515373}.Debug|Any CPU.Build.0 = Debug|Any CPU
		{738D1D16-3C36-44F3-A5BD-C27C10515373}.Release|Any CPU.ActiveCfg = Release|Any CPU
		{738D1D16-3C36-44F3-A5BD-C27C10515373}.Release|Any CPU.Build.0 = Release|Any CPU
	EndGlobalSection
EndGlobal
